
Microsoft Visual Studio Solution File, Format Version 12.00
# Visual Studio Version 16
VisualStudioVersion = 16.0.28803.156
MinimumVisualStudioVersion = 10.0.40219.1
Project("{9A19103F-16F7-4668-BE54-9A1E7A4F7556}") = "Osma.Mobile.App", "Osma.Mobile.App\Osma.Mobile.App.csproj", "{EC35F9B5-1255-4613-B865-FF7FA07606A6}"
EndProject
Project("{FAE04EC0-301F-11D3-BF4B-00C04F79EFBC}") = "Osma.Mobile.App.Android", "Osma.Mobile.App.Android\Osma.Mobile.App.Android.csproj", "{E85A5F7F-DA7D-417F-A8AE-3138C03121DE}"
EndProject
Project("{FAE04EC0-301F-11D3-BF4B-00C04F79EFBC}") = "Osma.Mobile.App.iOS", "Osma.Mobile.App.iOS\Osma.Mobile.App.iOS.csproj", "{C5E413A2-5D83-4D67-A9B6-9B216E7689F9}"
EndProject
Project("{9A19103F-16F7-4668-BE54-9A1E7A4F7556}") = "Osma.Mobile.App.Services", "Osma.Mobile.App.Services\Osma.Mobile.App.Services.csproj", "{E7FE6690-DC37-46AD-AE52-710028F17034}"
EndProject
Project("{2150E333-8FDC-42A3-9474-1A3956D46DE8}") = "Tests", "Tests", "{0E0E3CB5-E2DF-4189-97E6-181527D82B00}"
EndProject
Project("{9A19103F-16F7-4668-BE54-9A1E7A4F7556}") = "Osma.Mobile.App.Tests", "..\test\Osma.Mobile.App.Tests\Osma.Mobile.App.Tests.csproj", "{25C32A15-54D2-4688-AD8D-C8EA90D19B19}"
EndProject
Project("{FAE04EC0-301F-11D3-BF4B-00C04F79EFBC}") = "Hyperledger.Aries", "..\..\aries-framework-dotnet\src\Hyperledger.Aries\Hyperledger.Aries.csproj", "{BCD74323-7060-4D1D-9F50-C9A922AC0DBC}"
EndProject
Project("{FAE04EC0-301F-11D3-BF4B-00C04F79EFBC}") = "Hyperledger.Aries.AspNetCore", "..\..\aries-framework-dotnet\src\Hyperledger.Aries.AspNetCore\Hyperledger.Aries.AspNetCore.csproj", "{AF868D86-91FE-49D8-8723-A68A8E734365}"
EndProject
Project("{FAE04EC0-301F-11D3-BF4B-00C04F79EFBC}") = "Hyperledger.Aries.Payments.SovrinToken", "..\..\aries-framework-dotnet\src\Hyperledger.Aries.Payments.SovrinToken\Hyperledger.Aries.Payments.SovrinToken.csproj", "{2A8F5660-CF85-4694-B45D-433DA88AEEC5}"
EndProject
Project("{FAE04EC0-301F-11D3-BF4B-00C04F79EFBC}") = "Hyperledger.Aries.Routing", "..\..\aries-framework-dotnet\src\Hyperledger.Aries.Routing\Hyperledger.Aries.Routing.csproj", "{40C456EB-2535-4868-BFBE-40C74D152A71}"
EndProject
Global
	GlobalSection(SolutionConfigurationPlatforms) = preSolution
		Ad-Hoc|Any CPU = Ad-Hoc|Any CPU
		Ad-Hoc|iPhone = Ad-Hoc|iPhone
		Ad-Hoc|iPhoneSimulator = Ad-Hoc|iPhoneSimulator
		AppStore|Any CPU = AppStore|Any CPU
		AppStore|iPhone = AppStore|iPhone
		AppStore|iPhoneSimulator = AppStore|iPhoneSimulator
		Debug|Any CPU = Debug|Any CPU
		Debug|iPhone = Debug|iPhone
		Debug|iPhoneSimulator = Debug|iPhoneSimulator
		Gorilla|Any CPU = Gorilla|Any CPU
		Gorilla|iPhone = Gorilla|iPhone
		Gorilla|iPhoneSimulator = Gorilla|iPhoneSimulator
		Release|Any CPU = Release|Any CPU
		Release|iPhone = Release|iPhone
		Release|iPhoneSimulator = Release|iPhoneSimulator
	EndGlobalSection
	GlobalSection(ProjectConfigurationPlatforms) = postSolution
		{EC35F9B5-1255-4613-B865-FF7FA07606A6}.Ad-Hoc|Any CPU.ActiveCfg = Debug|Any CPU
		{EC35F9B5-1255-4613-B865-FF7FA07606A6}.Ad-Hoc|Any CPU.Build.0 = Debug|Any CPU
		{EC35F9B5-1255-4613-B865-FF7FA07606A6}.Ad-Hoc|iPhone.ActiveCfg = Debug|Any CPU
		{EC35F9B5-1255-4613-B865-FF7FA07606A6}.Ad-Hoc|iPhone.Build.0 = Debug|Any CPU
		{EC35F9B5-1255-4613-B865-FF7FA07606A6}.Ad-Hoc|iPhoneSimulator.ActiveCfg = Debug|Any CPU
		{EC35F9B5-1255-4613-B865-FF7FA07606A6}.Ad-Hoc|iPhoneSimulator.Build.0 = Debug|Any CPU
		{EC35F9B5-1255-4613-B865-FF7FA07606A6}.AppStore|Any CPU.ActiveCfg = Debug|Any CPU
		{EC35F9B5-1255-4613-B865-FF7FA07606A6}.AppStore|Any CPU.Build.0 = Debug|Any CPU
		{EC35F9B5-1255-4613-B865-FF7FA07606A6}.AppStore|iPhone.ActiveCfg = Debug|Any CPU
		{EC35F9B5-1255-4613-B865-FF7FA07606A6}.AppStore|iPhone.Build.0 = Debug|Any CPU
		{EC35F9B5-1255-4613-B865-FF7FA07606A6}.AppStore|iPhoneSimulator.ActiveCfg = Debug|Any CPU
		{EC35F9B5-1255-4613-B865-FF7FA07606A6}.AppStore|iPhoneSimulator.Build.0 = Debug|Any CPU
		{EC35F9B5-1255-4613-B865-FF7FA07606A6}.Debug|Any CPU.ActiveCfg = Debug|Any CPU
		{EC35F9B5-1255-4613-B865-FF7FA07606A6}.Debug|Any CPU.Build.0 = Debug|Any CPU
		{EC35F9B5-1255-4613-B865-FF7FA07606A6}.Debug|iPhone.ActiveCfg = Debug|Any CPU
		{EC35F9B5-1255-4613-B865-FF7FA07606A6}.Debug|iPhone.Build.0 = Debug|Any CPU
		{EC35F9B5-1255-4613-B865-FF7FA07606A6}.Debug|iPhoneSimulator.ActiveCfg = Debug|Any CPU
		{EC35F9B5-1255-4613-B865-FF7FA07606A6}.Debug|iPhoneSimulator.Build.0 = Debug|Any CPU
		{EC35F9B5-1255-4613-B865-FF7FA07606A6}.Gorilla|Any CPU.ActiveCfg = Gorilla|Any CPU
		{EC35F9B5-1255-4613-B865-FF7FA07606A6}.Gorilla|Any CPU.Build.0 = Gorilla|Any CPU
		{EC35F9B5-1255-4613-B865-FF7FA07606A6}.Gorilla|iPhone.ActiveCfg = Gorilla|Any CPU
		{EC35F9B5-1255-4613-B865-FF7FA07606A6}.Gorilla|iPhone.Build.0 = Gorilla|Any CPU
		{EC35F9B5-1255-4613-B865-FF7FA07606A6}.Gorilla|iPhoneSimulator.ActiveCfg = Gorilla|Any CPU
		{EC35F9B5-1255-4613-B865-FF7FA07606A6}.Gorilla|iPhoneSimulator.Build.0 = Gorilla|Any CPU
		{EC35F9B5-1255-4613-B865-FF7FA07606A6}.Release|Any CPU.ActiveCfg = Release|Any CPU
		{EC35F9B5-1255-4613-B865-FF7FA07606A6}.Release|Any CPU.Build.0 = Release|Any CPU
		{EC35F9B5-1255-4613-B865-FF7FA07606A6}.Release|iPhone.ActiveCfg = Release|Any CPU
		{EC35F9B5-1255-4613-B865-FF7FA07606A6}.Release|iPhone.Build.0 = Release|Any CPU
		{EC35F9B5-1255-4613-B865-FF7FA07606A6}.Release|iPhoneSimulator.ActiveCfg = Release|Any CPU
		{EC35F9B5-1255-4613-B865-FF7FA07606A6}.Release|iPhoneSimulator.Build.0 = Release|Any CPU
		{E85A5F7F-DA7D-417F-A8AE-3138C03121DE}.Ad-Hoc|Any CPU.ActiveCfg = Gorilla|Any CPU
		{E85A5F7F-DA7D-417F-A8AE-3138C03121DE}.Ad-Hoc|Any CPU.Build.0 = Gorilla|Any CPU
		{E85A5F7F-DA7D-417F-A8AE-3138C03121DE}.Ad-Hoc|Any CPU.Deploy.0 = Gorilla|Any CPU
		{E85A5F7F-DA7D-417F-A8AE-3138C03121DE}.Ad-Hoc|iPhone.ActiveCfg = Gorilla|Any CPU
		{E85A5F7F-DA7D-417F-A8AE-3138C03121DE}.Ad-Hoc|iPhoneSimulator.ActiveCfg = Gorilla|Any CPU
		{E85A5F7F-DA7D-417F-A8AE-3138C03121DE}.Ad-Hoc|iPhoneSimulator.Build.0 = Gorilla|Any CPU
		{E85A5F7F-DA7D-417F-A8AE-3138C03121DE}.Ad-Hoc|iPhoneSimulator.Deploy.0 = Gorilla|Any CPU
		{E85A5F7F-DA7D-417F-A8AE-3138C03121DE}.AppStore|Any CPU.ActiveCfg = Gorilla|Any CPU
		{E85A5F7F-DA7D-417F-A8AE-3138C03121DE}.AppStore|Any CPU.Build.0 = Gorilla|Any CPU
		{E85A5F7F-DA7D-417F-A8AE-3138C03121DE}.AppStore|Any CPU.Deploy.0 = Gorilla|Any CPU
		{E85A5F7F-DA7D-417F-A8AE-3138C03121DE}.AppStore|iPhone.ActiveCfg = Gorilla|Any CPU
		{E85A5F7F-DA7D-417F-A8AE-3138C03121DE}.AppStore|iPhone.Build.0 = Gorilla|Any CPU
		{E85A5F7F-DA7D-417F-A8AE-3138C03121DE}.AppStore|iPhone.Deploy.0 = Gorilla|Any CPU
		{E85A5F7F-DA7D-417F-A8AE-3138C03121DE}.AppStore|iPhoneSimulator.ActiveCfg = Gorilla|Any CPU
		{E85A5F7F-DA7D-417F-A8AE-3138C03121DE}.AppStore|iPhoneSimulator.Build.0 = Gorilla|Any CPU
		{E85A5F7F-DA7D-417F-A8AE-3138C03121DE}.AppStore|iPhoneSimulator.Deploy.0 = Gorilla|Any CPU
		{E85A5F7F-DA7D-417F-A8AE-3138C03121DE}.Debug|Any CPU.ActiveCfg = Debug|Any CPU
		{E85A5F7F-DA7D-417F-A8AE-3138C03121DE}.Debug|Any CPU.Build.0 = Debug|Any CPU
		{E85A5F7F-DA7D-417F-A8AE-3138C03121DE}.Debug|Any CPU.Deploy.0 = Debug|Any CPU
		{E85A5F7F-DA7D-417F-A8AE-3138C03121DE}.Debug|iPhone.ActiveCfg = Debug|Any CPU
		{E85A5F7F-DA7D-417F-A8AE-3138C03121DE}.Debug|iPhone.Build.0 = Debug|Any CPU
		{E85A5F7F-DA7D-417F-A8AE-3138C03121DE}.Debug|iPhone.Deploy.0 = Debug|Any CPU
		{E85A5F7F-DA7D-417F-A8AE-3138C03121DE}.Debug|iPhoneSimulator.ActiveCfg = Debug|Any CPU
		{E85A5F7F-DA7D-417F-A8AE-3138C03121DE}.Debug|iPhoneSimulator.Build.0 = Debug|Any CPU
		{E85A5F7F-DA7D-417F-A8AE-3138C03121DE}.Debug|iPhoneSimulator.Deploy.0 = Debug|Any CPU
		{E85A5F7F-DA7D-417F-A8AE-3138C03121DE}.Gorilla|Any CPU.ActiveCfg = Gorilla|Any CPU
		{E85A5F7F-DA7D-417F-A8AE-3138C03121DE}.Gorilla|Any CPU.Build.0 = Gorilla|Any CPU
		{E85A5F7F-DA7D-417F-A8AE-3138C03121DE}.Gorilla|Any CPU.Deploy.0 = Gorilla|Any CPU
		{E85A5F7F-DA7D-417F-A8AE-3138C03121DE}.Gorilla|iPhone.ActiveCfg = Gorilla|Any CPU
		{E85A5F7F-DA7D-417F-A8AE-3138C03121DE}.Gorilla|iPhone.Build.0 = Gorilla|Any CPU
		{E85A5F7F-DA7D-417F-A8AE-3138C03121DE}.Gorilla|iPhone.Deploy.0 = Gorilla|Any CPU
		{E85A5F7F-DA7D-417F-A8AE-3138C03121DE}.Gorilla|iPhoneSimulator.ActiveCfg = Gorilla|Any CPU
		{E85A5F7F-DA7D-417F-A8AE-3138C03121DE}.Gorilla|iPhoneSimulator.Build.0 = Gorilla|Any CPU
		{E85A5F7F-DA7D-417F-A8AE-3138C03121DE}.Gorilla|iPhoneSimulator.Deploy.0 = Gorilla|Any CPU
		{E85A5F7F-DA7D-417F-A8AE-3138C03121DE}.Release|Any CPU.ActiveCfg = Release|Any CPU
		{E85A5F7F-DA7D-417F-A8AE-3138C03121DE}.Release|Any CPU.Build.0 = Release|Any CPU
		{E85A5F7F-DA7D-417F-A8AE-3138C03121DE}.Release|Any CPU.Deploy.0 = Release|Any CPU
		{E85A5F7F-DA7D-417F-A8AE-3138C03121DE}.Release|iPhone.ActiveCfg = Release|Any CPU
		{E85A5F7F-DA7D-417F-A8AE-3138C03121DE}.Release|iPhone.Build.0 = Release|Any CPU
		{E85A5F7F-DA7D-417F-A8AE-3138C03121DE}.Release|iPhone.Deploy.0 = Release|Any CPU
		{E85A5F7F-DA7D-417F-A8AE-3138C03121DE}.Release|iPhoneSimulator.ActiveCfg = Release|Any CPU
		{E85A5F7F-DA7D-417F-A8AE-3138C03121DE}.Release|iPhoneSimulator.Build.0 = Release|Any CPU
		{E85A5F7F-DA7D-417F-A8AE-3138C03121DE}.Release|iPhoneSimulator.Deploy.0 = Release|Any CPU
		{C5E413A2-5D83-4D67-A9B6-9B216E7689F9}.Ad-Hoc|Any CPU.ActiveCfg = Ad-Hoc|iPhone
		{C5E413A2-5D83-4D67-A9B6-9B216E7689F9}.Ad-Hoc|iPhone.ActiveCfg = Ad-Hoc|iPhone
		{C5E413A2-5D83-4D67-A9B6-9B216E7689F9}.Ad-Hoc|iPhone.Build.0 = Ad-Hoc|iPhone
		{C5E413A2-5D83-4D67-A9B6-9B216E7689F9}.Ad-Hoc|iPhoneSimulator.ActiveCfg = Ad-Hoc|iPhoneSimulator
		{C5E413A2-5D83-4D67-A9B6-9B216E7689F9}.Ad-Hoc|iPhoneSimulator.Build.0 = Ad-Hoc|iPhoneSimulator
		{C5E413A2-5D83-4D67-A9B6-9B216E7689F9}.AppStore|Any CPU.ActiveCfg = AppStore|iPhone
		{C5E413A2-5D83-4D67-A9B6-9B216E7689F9}.AppStore|iPhone.ActiveCfg = AppStore|iPhone
		{C5E413A2-5D83-4D67-A9B6-9B216E7689F9}.AppStore|iPhone.Build.0 = AppStore|iPhone
		{C5E413A2-5D83-4D67-A9B6-9B216E7689F9}.AppStore|iPhoneSimulator.ActiveCfg = AppStore|iPhoneSimulator
		{C5E413A2-5D83-4D67-A9B6-9B216E7689F9}.AppStore|iPhoneSimulator.Build.0 = AppStore|iPhoneSimulator
		{C5E413A2-5D83-4D67-A9B6-9B216E7689F9}.Debug|Any CPU.ActiveCfg = Debug|iPhone
		{C5E413A2-5D83-4D67-A9B6-9B216E7689F9}.Debug|iPhone.ActiveCfg = Debug|iPhone
		{C5E413A2-5D83-4D67-A9B6-9B216E7689F9}.Debug|iPhone.Build.0 = Debug|iPhone
		{C5E413A2-5D83-4D67-A9B6-9B216E7689F9}.Debug|iPhoneSimulator.ActiveCfg = Debug|iPhoneSimulator
		{C5E413A2-5D83-4D67-A9B6-9B216E7689F9}.Debug|iPhoneSimulator.Build.0 = Debug|iPhoneSimulator
		{C5E413A2-5D83-4D67-A9B6-9B216E7689F9}.Gorilla|Any CPU.ActiveCfg = Gorilla|iPhone
		{C5E413A2-5D83-4D67-A9B6-9B216E7689F9}.Gorilla|iPhone.ActiveCfg = Gorilla|iPhone
		{C5E413A2-5D83-4D67-A9B6-9B216E7689F9}.Gorilla|iPhone.Build.0 = Gorilla|iPhone
		{C5E413A2-5D83-4D67-A9B6-9B216E7689F9}.Gorilla|iPhoneSimulator.ActiveCfg = Gorilla|iPhoneSimulator
		{C5E413A2-5D83-4D67-A9B6-9B216E7689F9}.Gorilla|iPhoneSimulator.Build.0 = Gorilla|iPhoneSimulator
		{C5E413A2-5D83-4D67-A9B6-9B216E7689F9}.Release|Any CPU.ActiveCfg = Release|iPhone
		{C5E413A2-5D83-4D67-A9B6-9B216E7689F9}.Release|iPhone.ActiveCfg = Release|iPhone
		{C5E413A2-5D83-4D67-A9B6-9B216E7689F9}.Release|iPhone.Build.0 = Release|iPhone
		{C5E413A2-5D83-4D67-A9B6-9B216E7689F9}.Release|iPhoneSimulator.ActiveCfg = Release|iPhoneSimulator
		{C5E413A2-5D83-4D67-A9B6-9B216E7689F9}.Release|iPhoneSimulator.Build.0 = Release|iPhoneSimulator
		{E7FE6690-DC37-46AD-AE52-710028F17034}.Ad-Hoc|Any CPU.ActiveCfg = Debug|Any CPU
		{E7FE6690-DC37-46AD-AE52-710028F17034}.Ad-Hoc|Any CPU.Build.0 = Debug|Any CPU
		{E7FE6690-DC37-46AD-AE52-710028F17034}.Ad-Hoc|iPhone.ActiveCfg = Debug|Any CPU
		{E7FE6690-DC37-46AD-AE52-710028F17034}.Ad-Hoc|iPhone.Build.0 = Debug|Any CPU
		{E7FE6690-DC37-46AD-AE52-710028F17034}.Ad-Hoc|iPhoneSimulator.ActiveCfg = Debug|Any CPU
		{E7FE6690-DC37-46AD-AE52-710028F17034}.Ad-Hoc|iPhoneSimulator.Build.0 = Debug|Any CPU
		{E7FE6690-DC37-46AD-AE52-710028F17034}.AppStore|Any CPU.ActiveCfg = Debug|Any CPU
		{E7FE6690-DC37-46AD-AE52-710028F17034}.AppStore|Any CPU.Build.0 = Debug|Any CPU
		{E7FE6690-DC37-46AD-AE52-710028F17034}.AppStore|iPhone.ActiveCfg = Debug|Any CPU
		{E7FE6690-DC37-46AD-AE52-710028F17034}.AppStore|iPhone.Build.0 = Debug|Any CPU
		{E7FE6690-DC37-46AD-AE52-710028F17034}.AppStore|iPhoneSimulator.ActiveCfg = Debug|Any CPU
		{E7FE6690-DC37-46AD-AE52-710028F17034}.AppStore|iPhoneSimulator.Build.0 = Debug|Any CPU
		{E7FE6690-DC37-46AD-AE52-710028F17034}.Debug|Any CPU.ActiveCfg = Debug|Any CPU
		{E7FE6690-DC37-46AD-AE52-710028F17034}.Debug|Any CPU.Build.0 = Debug|Any CPU
		{E7FE6690-DC37-46AD-AE52-710028F17034}.Debug|iPhone.ActiveCfg = Debug|Any CPU
		{E7FE6690-DC37-46AD-AE52-710028F17034}.Debug|iPhone.Build.0 = Debug|Any CPU
		{E7FE6690-DC37-46AD-AE52-710028F17034}.Debug|iPhoneSimulator.ActiveCfg = Debug|Any CPU
		{E7FE6690-DC37-46AD-AE52-710028F17034}.Debug|iPhoneSimulator.Build.0 = Debug|Any CPU
		{E7FE6690-DC37-46AD-AE52-710028F17034}.Gorilla|Any CPU.ActiveCfg = Gorilla|Any CPU
		{E7FE6690-DC37-46AD-AE52-710028F17034}.Gorilla|Any CPU.Build.0 = Gorilla|Any CPU
		{E7FE6690-DC37-46AD-AE52-710028F17034}.Gorilla|iPhone.ActiveCfg = Gorilla|Any CPU
		{E7FE6690-DC37-46AD-AE52-710028F17034}.Gorilla|iPhone.Build.0 = Gorilla|Any CPU
		{E7FE6690-DC37-46AD-AE52-710028F17034}.Gorilla|iPhoneSimulator.ActiveCfg = Gorilla|Any CPU
		{E7FE6690-DC37-46AD-AE52-710028F17034}.Gorilla|iPhoneSimulator.Build.0 = Gorilla|Any CPU
		{E7FE6690-DC37-46AD-AE52-710028F17034}.Release|Any CPU.ActiveCfg = Release|Any CPU
		{E7FE6690-DC37-46AD-AE52-710028F17034}.Release|Any CPU.Build.0 = Release|Any CPU
		{E7FE6690-DC37-46AD-AE52-710028F17034}.Release|iPhone.ActiveCfg = Release|Any CPU
		{E7FE6690-DC37-46AD-AE52-710028F17034}.Release|iPhone.Build.0 = Release|Any CPU
		{E7FE6690-DC37-46AD-AE52-710028F17034}.Release|iPhoneSimulator.ActiveCfg = Release|Any CPU
		{E7FE6690-DC37-46AD-AE52-710028F17034}.Release|iPhoneSimulator.Build.0 = Release|Any CPU
		{25C32A15-54D2-4688-AD8D-C8EA90D19B19}.Ad-Hoc|Any CPU.ActiveCfg = Debug|Any CPU
		{25C32A15-54D2-4688-AD8D-C8EA90D19B19}.Ad-Hoc|Any CPU.Build.0 = Debug|Any CPU
		{25C32A15-54D2-4688-AD8D-C8EA90D19B19}.Ad-Hoc|iPhone.ActiveCfg = Debug|Any CPU
		{25C32A15-54D2-4688-AD8D-C8EA90D19B19}.Ad-Hoc|iPhoneSimulator.ActiveCfg = Debug|Any CPU
		{25C32A15-54D2-4688-AD8D-C8EA90D19B19}.Ad-Hoc|iPhoneSimulator.Build.0 = Debug|Any CPU
		{25C32A15-54D2-4688-AD8D-C8EA90D19B19}.AppStore|Any CPU.ActiveCfg = Debug|Any CPU
		{25C32A15-54D2-4688-AD8D-C8EA90D19B19}.AppStore|Any CPU.Build.0 = Debug|Any CPU
		{25C32A15-54D2-4688-AD8D-C8EA90D19B19}.AppStore|iPhone.ActiveCfg = Debug|Any CPU
		{25C32A15-54D2-4688-AD8D-C8EA90D19B19}.AppStore|iPhone.Build.0 = Debug|Any CPU
		{25C32A15-54D2-4688-AD8D-C8EA90D19B19}.AppStore|iPhoneSimulator.ActiveCfg = Debug|Any CPU
		{25C32A15-54D2-4688-AD8D-C8EA90D19B19}.AppStore|iPhoneSimulator.Build.0 = Debug|Any CPU
		{25C32A15-54D2-4688-AD8D-C8EA90D19B19}.Debug|Any CPU.ActiveCfg = Debug|Any CPU
		{25C32A15-54D2-4688-AD8D-C8EA90D19B19}.Debug|Any CPU.Build.0 = Debug|Any CPU
		{25C32A15-54D2-4688-AD8D-C8EA90D19B19}.Debug|iPhone.ActiveCfg = Debug|Any CPU
		{25C32A15-54D2-4688-AD8D-C8EA90D19B19}.Debug|iPhone.Build.0 = Debug|Any CPU
		{25C32A15-54D2-4688-AD8D-C8EA90D19B19}.Debug|iPhoneSimulator.ActiveCfg = Debug|Any CPU
		{25C32A15-54D2-4688-AD8D-C8EA90D19B19}.Debug|iPhoneSimulator.Build.0 = Debug|Any CPU
		{25C32A15-54D2-4688-AD8D-C8EA90D19B19}.Gorilla|Any CPU.ActiveCfg = Debug|Any CPU
		{25C32A15-54D2-4688-AD8D-C8EA90D19B19}.Gorilla|Any CPU.Build.0 = Debug|Any CPU
		{25C32A15-54D2-4688-AD8D-C8EA90D19B19}.Gorilla|iPhone.ActiveCfg = Debug|Any CPU
		{25C32A15-54D2-4688-AD8D-C8EA90D19B19}.Gorilla|iPhone.Build.0 = Debug|Any CPU
		{25C32A15-54D2-4688-AD8D-C8EA90D19B19}.Gorilla|iPhoneSimulator.ActiveCfg = Debug|Any CPU
		{25C32A15-54D2-4688-AD8D-C8EA90D19B19}.Gorilla|iPhoneSimulator.Build.0 = Debug|Any CPU
		{25C32A15-54D2-4688-AD8D-C8EA90D19B19}.Release|Any CPU.ActiveCfg = Release|Any CPU
		{25C32A15-54D2-4688-AD8D-C8EA90D19B19}.Release|iPhone.ActiveCfg = Release|Any CPU
		{25C32A15-54D2-4688-AD8D-C8EA90D19B19}.Release|iPhoneSimulator.ActiveCfg = Release|Any CPU
		{25C32A15-54D2-4688-AD8D-C8EA90D19B19}.Release|iPhoneSimulator.Build.0 = Release|Any CPU
		{BCD74323-7060-4D1D-9F50-C9A922AC0DBC}.Ad-Hoc|Any CPU.ActiveCfg = Debug|Any CPU
		{BCD74323-7060-4D1D-9F50-C9A922AC0DBC}.Ad-Hoc|Any CPU.Build.0 = Debug|Any CPU
		{BCD74323-7060-4D1D-9F50-C9A922AC0DBC}.Ad-Hoc|iPhone.ActiveCfg = Debug|Any CPU
		{BCD74323-7060-4D1D-9F50-C9A922AC0DBC}.Ad-Hoc|iPhone.Build.0 = Debug|Any CPU
		{BCD74323-7060-4D1D-9F50-C9A922AC0DBC}.Ad-Hoc|iPhoneSimulator.ActiveCfg = Debug|Any CPU
		{BCD74323-7060-4D1D-9F50-C9A922AC0DBC}.Ad-Hoc|iPhoneSimulator.Build.0 = Debug|Any CPU
		{BCD74323-7060-4D1D-9F50-C9A922AC0DBC}.AppStore|Any CPU.ActiveCfg = Debug|Any CPU
		{BCD74323-7060-4D1D-9F50-C9A922AC0DBC}.AppStore|Any CPU.Build.0 = Debug|Any CPU
		{BCD74323-7060-4D1D-9F50-C9A922AC0DBC}.AppStore|iPhone.ActiveCfg = Debug|Any CPU
		{BCD74323-7060-4D1D-9F50-C9A922AC0DBC}.AppStore|iPhone.Build.0 = Debug|Any CPU
		{BCD74323-7060-4D1D-9F50-C9A922AC0DBC}.AppStore|iPhoneSimulator.ActiveCfg = Debug|Any CPU
		{BCD74323-7060-4D1D-9F50-C9A922AC0DBC}.AppStore|iPhoneSimulator.Build.0 = Debug|Any CPU
		{BCD74323-7060-4D1D-9F50-C9A922AC0DBC}.Debug|Any CPU.ActiveCfg = Debug|Any CPU
		{BCD74323-7060-4D1D-9F50-C9A922AC0DBC}.Debug|Any CPU.Build.0 = Debug|Any CPU
		{BCD74323-7060-4D1D-9F50-C9A922AC0DBC}.Debug|iPhone.ActiveCfg = Debug|Any CPU
		{BCD74323-7060-4D1D-9F50-C9A922AC0DBC}.Debug|iPhone.Build.0 = Debug|Any CPU
		{BCD74323-7060-4D1D-9F50-C9A922AC0DBC}.Debug|iPhoneSimulator.ActiveCfg = Debug|Any CPU
		{BCD74323-7060-4D1D-9F50-C9A922AC0DBC}.Debug|iPhoneSimulator.Build.0 = Debug|Any CPU
		{BCD74323-7060-4D1D-9F50-C9A922AC0DBC}.Gorilla|Any CPU.ActiveCfg = Debug|Any CPU
		{BCD74323-7060-4D1D-9F50-C9A922AC0DBC}.Gorilla|Any CPU.Build.0 = Debug|Any CPU
		{BCD74323-7060-4D1D-9F50-C9A922AC0DBC}.Gorilla|iPhone.ActiveCfg = Debug|Any CPU
		{BCD74323-7060-4D1D-9F50-C9A922AC0DBC}.Gorilla|iPhone.Build.0 = Debug|Any CPU
		{BCD74323-7060-4D1D-9F50-C9A922AC0DBC}.Gorilla|iPhoneSimulator.ActiveCfg = Debug|Any CPU
		{BCD74323-7060-4D1D-9F50-C9A922AC0DBC}.Gorilla|iPhoneSimulator.Build.0 = Debug|Any CPU
		{BCD74323-7060-4D1D-9F50-C9A922AC0DBC}.Release|Any CPU.ActiveCfg = Release|Any CPU
		{BCD74323-7060-4D1D-9F50-C9A922AC0DBC}.Release|Any CPU.Build.0 = Release|Any CPU
		{BCD74323-7060-4D1D-9F50-C9A922AC0DBC}.Release|iPhone.ActiveCfg = Release|Any CPU
		{BCD74323-7060-4D1D-9F50-C9A922AC0DBC}.Release|iPhone.Build.0 = Release|Any CPU
		{BCD74323-7060-4D1D-9F50-C9A922AC0DBC}.Release|iPhoneSimulator.ActiveCfg = Release|Any CPU
		{BCD74323-7060-4D1D-9F50-C9A922AC0DBC}.Release|iPhoneSimulator.Build.0 = Release|Any CPU
		{AF868D86-91FE-49D8-8723-A68A8E734365}.Ad-Hoc|Any CPU.ActiveCfg = Debug|Any CPU
		{AF868D86-91FE-49D8-8723-A68A8E734365}.Ad-Hoc|Any CPU.Build.0 = Debug|Any CPU
		{AF868D86-91FE-49D8-8723-A68A8E734365}.Ad-Hoc|iPhone.ActiveCfg = Debug|Any CPU
		{AF868D86-91FE-49D8-8723-A68A8E734365}.Ad-Hoc|iPhone.Build.0 = Debug|Any CPU
		{AF868D86-91FE-49D8-8723-A68A8E734365}.Ad-Hoc|iPhoneSimulator.ActiveCfg = Debug|Any CPU
		{AF868D86-91FE-49D8-8723-A68A8E734365}.Ad-Hoc|iPhoneSimulator.Build.0 = Debug|Any CPU
		{AF868D86-91FE-49D8-8723-A68A8E734365}.AppStore|Any CPU.ActiveCfg = Debug|Any CPU
		{AF868D86-91FE-49D8-8723-A68A8E734365}.AppStore|Any CPU.Build.0 = Debug|Any CPU
		{AF868D86-91FE-49D8-8723-A68A8E734365}.AppStore|iPhone.ActiveCfg = Debug|Any CPU
		{AF868D86-91FE-49D8-8723-A68A8E734365}.AppStore|iPhone.Build.0 = Debug|Any CPU
		{AF868D86-91FE-49D8-8723-A68A8E734365}.AppStore|iPhoneSimulator.ActiveCfg = Debug|Any CPU
		{AF868D86-91FE-49D8-8723-A68A8E734365}.AppStore|iPhoneSimulator.Build.0 = Debug|Any CPU
		{AF868D86-91FE-49D8-8723-A68A8E734365}.Debug|Any CPU.ActiveCfg = Debug|Any CPU
		{AF868D86-91FE-49D8-8723-A68A8E734365}.Debug|Any CPU.Build.0 = Debug|Any CPU
		{AF868D86-91FE-49D8-8723-A68A8E734365}.Debug|iPhone.ActiveCfg = Debug|Any CPU
		{AF868D86-91FE-49D8-8723-A68A8E734365}.Debug|iPhone.Build.0 = Debug|Any CPU
		{AF868D86-91FE-49D8-8723-A68A8E734365}.Debug|iPhoneSimulator.ActiveCfg = Debug|Any CPU
		{AF868D86-91FE-49D8-8723-A68A8E734365}.Debug|iPhoneSimulator.Build.0 = Debug|Any CPU
		{AF868D86-91FE-49D8-8723-A68A8E734365}.Gorilla|Any CPU.ActiveCfg = Debug|Any CPU
		{AF868D86-91FE-49D8-8723-A68A8E734365}.Gorilla|Any CPU.Build.0 = Debug|Any CPU
		{AF868D86-91FE-49D8-8723-A68A8E734365}.Gorilla|iPhone.ActiveCfg = Debug|Any CPU
		{AF868D86-91FE-49D8-8723-A68A8E734365}.Gorilla|iPhone.Build.0 = Debug|Any CPU
		{AF868D86-91FE-49D8-8723-A68A8E734365}.Gorilla|iPhoneSimulator.ActiveCfg = Debug|Any CPU
		{AF868D86-91FE-49D8-8723-A68A8E734365}.Gorilla|iPhoneSimulator.Build.0 = Debug|Any CPU
		{AF868D86-91FE-49D8-8723-A68A8E734365}.Release|Any CPU.ActiveCfg = Release|Any CPU
		{AF868D86-91FE-49D8-8723-A68A8E734365}.Release|Any CPU.Build.0 = Release|Any CPU
		{AF868D86-91FE-49D8-8723-A68A8E734365}.Release|iPhone.ActiveCfg = Release|Any CPU
		{AF868D86-91FE-49D8-8723-A68A8E734365}.Release|iPhone.Build.0 = Release|Any CPU
		{AF868D86-91FE-49D8-8723-A68A8E734365}.Release|iPhoneSimulator.ActiveCfg = Release|Any CPU
		{AF868D86-91FE-49D8-8723-A68A8E734365}.Release|iPhoneSimulator.Build.0 = Release|Any CPU
		{2A8F5660-CF85-4694-B45D-433DA88AEEC5}.Ad-Hoc|Any CPU.ActiveCfg = Debug|Any CPU
		{2A8F5660-CF85-4694-B45D-433DA88AEEC5}.Ad-Hoc|Any CPU.Build.0 = Debug|Any CPU
		{2A8F5660-CF85-4694-B45D-433DA88AEEC5}.Ad-Hoc|iPhone.ActiveCfg = Debug|Any CPU
		{2A8F5660-CF85-4694-B45D-433DA88AEEC5}.Ad-Hoc|iPhone.Build.0 = Debug|Any CPU
		{2A8F5660-CF85-4694-B45D-433DA88AEEC5}.Ad-Hoc|iPhoneSimulator.ActiveCfg = Debug|Any CPU
		{2A8F5660-CF85-4694-B45D-433DA88AEEC5}.Ad-Hoc|iPhoneSimulator.Build.0 = Debug|Any CPU
		{2A8F5660-CF85-4694-B45D-433DA88AEEC5}.AppStore|Any CPU.ActiveCfg = Debug|Any CPU
		{2A8F5660-CF85-4694-B45D-433DA88AEEC5}.AppStore|Any CPU.Build.0 = Debug|Any CPU
		{2A8F5660-CF85-4694-B45D-433DA88AEEC5}.AppStore|iPhone.ActiveCfg = Debug|Any CPU
		{2A8F5660-CF85-4694-B45D-433DA88AEEC5}.AppStore|iPhone.Build.0 = Debug|Any CPU
		{2A8F5660-CF85-4694-B45D-433DA88AEEC5}.AppStore|iPhoneSimulator.ActiveCfg = Debug|Any CPU
		{2A8F5660-CF85-4694-B45D-433DA88AEEC5}.AppStore|iPhoneSimulator.Build.0 = Debug|Any CPU
		{2A8F5660-CF85-4694-B45D-433DA88AEEC5}.Debug|Any CPU.ActiveCfg = Debug|Any CPU
		{2A8F5660-CF85-4694-B45D-433DA88AEEC5}.Debug|Any CPU.Build.0 = Debug|Any CPU
		{2A8F5660-CF85-4694-B45D-433DA88AEEC5}.Debug|iPhone.ActiveCfg = Debug|Any CPU
		{2A8F5660-CF85-4694-B45D-433DA88AEEC5}.Debug|iPhone.Build.0 = Debug|Any CPU
		{2A8F5660-CF85-4694-B45D-433DA88AEEC5}.Debug|iPhoneSimulator.ActiveCfg = Debug|Any CPU
		{2A8F5660-CF85-4694-B45D-433DA88AEEC5}.Debug|iPhoneSimulator.Build.0 = Debug|Any CPU
		{2A8F5660-CF85-4694-B45D-433DA88AEEC5}.Gorilla|Any CPU.ActiveCfg = Debug|Any CPU
		{2A8F5660-CF85-4694-B45D-433DA88AEEC5}.Gorilla|Any CPU.Build.0 = Debug|Any CPU
		{2A8F5660-CF85-4694-B45D-433DA88AEEC5}.Gorilla|iPhone.ActiveCfg = Debug|Any CPU
		{2A8F5660-CF85-4694-B45D-433DA88AEEC5}.Gorilla|iPhone.Build.0 = Debug|Any CPU
		{2A8F5660-CF85-4694-B45D-433DA88AEEC5}.Gorilla|iPhoneSimulator.ActiveCfg = Debug|Any CPU
		{2A8F5660-CF85-4694-B45D-433DA88AEEC5}.Gorilla|iPhoneSimulator.Build.0 = Debug|Any CPU
		{2A8F5660-CF85-4694-B45D-433DA88AEEC5}.Release|Any CPU.ActiveCfg = Release|Any CPU
		{2A8F5660-CF85-4694-B45D-433DA88AEEC5}.Release|Any CPU.Build.0 = Release|Any CPU
		{2A8F5660-CF85-4694-B45D-433DA88AEEC5}.Release|iPhone.ActiveCfg = Release|Any CPU
		{2A8F5660-CF85-4694-B45D-433DA88AEEC5}.Release|iPhone.Build.0 = Release|Any CPU
		{2A8F5660-CF85-4694-B45D-433DA88AEEC5}.Release|iPhoneSimulator.ActiveCfg = Release|Any CPU
		{2A8F5660-CF85-4694-B45D-433DA88AEEC5}.Release|iPhoneSimulator.Build.0 = Release|Any CPU
		{40C456EB-2535-4868-BFBE-40C74D152A71}.Ad-Hoc|Any CPU.ActiveCfg = Debug|Any CPU
		{40C456EB-2535-4868-BFBE-40C74D152A71}.Ad-Hoc|Any CPU.Build.0 = Debug|Any CPU
		{40C456EB-2535-4868-BFBE-40C74D152A71}.Ad-Hoc|iPhone.ActiveCfg = Debug|Any CPU
		{40C456EB-2535-4868-BFBE-40C74D152A71}.Ad-Hoc|iPhone.Build.0 = Debug|Any CPU
		{40C456EB-2535-4868-BFBE-40C74D152A71}.Ad-Hoc|iPhoneSimulator.ActiveCfg = Debug|Any CPU
		{40C456EB-2535-4868-BFBE-40C74D152A71}.Ad-Hoc|iPhoneSimulator.Build.0 = Debug|Any CPU
		{40C456EB-2535-4868-BFBE-40C74D152A71}.AppStore|Any CPU.ActiveCfg = Debug|Any CPU
		{40C456EB-2535-4868-BFBE-40C74D152A71}.AppStore|Any CPU.Build.0 = Debug|Any CPU
		{40C456EB-2535-4868-BFBE-40C74D152A71}.AppStore|iPhone.ActiveCfg = Debug|Any CPU
		{40C456EB-2535-4868-BFBE-40C74D152A71}.AppStore|iPhone.Build.0 = Debug|Any CPU
		{40C456EB-2535-4868-BFBE-40C74D152A71}.AppStore|iPhoneSimulator.ActiveCfg = Debug|Any CPU
		{40C456EB-2535-4868-BFBE-40C74D152A71}.AppStore|iPhoneSimulator.Build.0 = Debug|Any CPU
		{40C456EB-2535-4868-BFBE-40C74D152A71}.Debug|Any CPU.ActiveCfg = Debug|Any CPU
		{40C456EB-2535-4868-BFBE-40C74D152A71}.Debug|Any CPU.Build.0 = Debug|Any CPU
		{40C456EB-2535-4868-BFBE-40C74D152A71}.Debug|iPhone.ActiveCfg = Debug|Any CPU
		{40C456EB-2535-4868-BFBE-40C74D152A71}.Debug|iPhone.Build.0 = Debug|Any CPU
		{40C456EB-2535-4868-BFBE-40C74D152A71}.Debug|iPhoneSimulator.ActiveCfg = Debug|Any CPU
		{40C456EB-2535-4868-BFBE-40C74D152A71}.Debug|iPhoneSimulator.Build.0 = Debug|Any CPU
		{40C456EB-2535-4868-BFBE-40C74D152A71}.Gorilla|Any CPU.ActiveCfg = Debug|Any CPU
		{40C456EB-2535-4868-BFBE-40C74D152A71}.Gorilla|Any CPU.Build.0 = Debug|Any CPU
		{40C456EB-2535-4868-BFBE-40C74D152A71}.Gorilla|iPhone.ActiveCfg = Debug|Any CPU
		{40C456EB-2535-4868-BFBE-40C74D152A71}.Gorilla|iPhone.Build.0 = Debug|Any CPU
		{40C456EB-2535-4868-BFBE-40C74D152A71}.Gorilla|iPhoneSimulator.ActiveCfg = Debug|Any CPU
		{40C456EB-2535-4868-BFBE-40C74D152A71}.Gorilla|iPhoneSimulator.Build.0 = Debug|Any CPU
		{40C456EB-2535-4868-BFBE-40C74D152A71}.Release|Any CPU.ActiveCfg = Release|Any CPU
		{40C456EB-2535-4868-BFBE-40C74D152A71}.Release|Any CPU.Build.0 = Release|Any CPU
		{40C456EB-2535-4868-BFBE-40C74D152A71}.Release|iPhone.ActiveCfg = Release|Any CPU
		{40C456EB-2535-4868-BFBE-40C74D152A71}.Release|iPhone.Build.0 = Release|Any CPU
		{40C456EB-2535-4868-BFBE-40C74D152A71}.Release|iPhoneSimulator.ActiveCfg = Release|Any CPU
		{40C456EB-2535-4868-BFBE-40C74D152A71}.Release|iPhoneSimulator.Build.0 = Release|Any CPU
	EndGlobalSection
	GlobalSection(SolutionProperties) = preSolution
		HideSolutionNode = FALSE
	EndGlobalSection
	GlobalSection(NestedProjects) = preSolution
		{25C32A15-54D2-4688-AD8D-C8EA90D19B19} = {0E0E3CB5-E2DF-4189-97E6-181527D82B00}
	EndGlobalSection
	GlobalSection(ExtensibilityGlobals) = postSolution
		SolutionGuid = {0EABE5EB-BBF0-4FFC-B518-3D38B6D23919}
	EndGlobalSection
EndGlobal
